
Microsoft Visual Studio Solution File, Format Version 12.00
# Visual Studio Version 17
VisualStudioVersion = 17.5.002.0
MinimumVisualStudioVersion = 10.0.40219.1
Project("{9A19103F-16F7-4668-BE54-9A1E7A4F7556}") = "API", "API\API.csproj", "{D3C2B40F-717F-4BE7-A77B-DC317765CBA6}"
EndProject
Global
	GlobalSection(SolutionConfigurationPlatforms) = preSolution
		Debug|Any CPU = Debug|Any CPU
		Release|Any CPU = Release|Any CPU
	EndGlobalSection
	GlobalSection(ProjectConfigurationPlatforms) = postSolution
		{D3C2B40F-717F-4BE7-A77B-DC317765CBA6}.Debug|Any CPU.ActiveCfg = Debug|Any CPU
		{D3C2B40F-717F-4BE7-A77B-DC317765CBA6}.Debug|Any CPU.Build.0 = Debug|Any CPU
		{D3C2B40F-717F-4BE7-A77B-DC317765CBA6}.Release|Any CPU.ActiveCfg = Release|Any CPU
		{D3C2B40F-717F-4BE7-A77B-DC317765CBA6}.Release|Any CPU.Build.0 = Release|Any CPU
	EndGlobalSection
	GlobalSection(SolutionProperties) = preSolution
		HideSolutionNode = FALSE
	EndGlobalSection
	GlobalSection(ExtensibilityGlobals) = postSolution
		SolutionGuid = {F4BA647A-EEF0-47BF-BEC9-E1BE248E8C0A}
	EndGlobalSection
EndGlobal
